
Microsoft Visual Studio Solution File, Format Version 12.00
# Visual Studio Version 17
VisualStudioVersion = 17.3.32929.385
MinimumVisualStudioVersion = 10.0.40219.1
Project("{FAE04EC0-301F-11D3-BF4B-00C04F79EFBC}") = "BinaryCity", "BinaryCity.csproj", "{6CB3BA3E-576D-4265-90C4-8056B8DC323E}"
EndProject
Global
	GlobalSection(SolutionConfigurationPlatforms) = preSolution
		Debug|Any CPU = Debug|Any CPU
		Release|Any CPU = Release|Any CPU
	EndGlobalSection
	GlobalSection(ProjectConfigurationPlatforms) = postSolution
		{6CB3BA3E-576D-4265-90C4-8056B8DC323E}.Debug|Any CPU.ActiveCfg = Debug|Any CPU
		{6CB3BA3E-576D-4265-90C4-8056B8DC323E}.Debug|Any CPU.Build.0 = Debug|Any CPU
		{6CB3BA3E-576D-4265-90C4-8056B8DC323E}.Release|Any CPU.ActiveCfg = Release|Any CPU
		{6CB3BA3E-576D-4265-90C4-8056B8DC323E}.Release|Any CPU.Build.0 = Release|Any CPU
	EndGlobalSection
	GlobalSection(SolutionProperties) = preSolution
		HideSolutionNode = FALSE
	EndGlobalSection
	GlobalSection(ExtensibilityGlobals) = postSolution
		SolutionGuid = {78A26062-59B6-4575-B793-A9E3BE1258A1}
	EndGlobalSection
EndGlobal
